
Microsoft Visual Studio Solution File, Format Version 12.00
# Visual Studio Version 17
VisualStudioVersion = 17.5.33414.496
MinimumVisualStudioVersion = 10.0.40219.1
Project("{FAE04EC0-301F-11D3-BF4B-00C04F79EFBC}") = "SmartCopy", "SmartCopy.csproj", "{AF508F1D-6AA0-4A7D-AC4F-76730D39A372}"
EndProject
Global
	GlobalSection(SolutionConfigurationPlatforms) = preSolution
		Debug|Any CPU = Debug|Any CPU
		Release|Any CPU = Release|Any CPU
	EndGlobalSection
	GlobalSection(ProjectConfigurationPlatforms) = postSolution
		{AF508F1D-6AA0-4A7D-AC4F-76730D39A372}.Debug|Any CPU.ActiveCfg = Debug|Any CPU
		{AF508F1D-6AA0-4A7D-AC4F-76730D39A372}.Debug|Any CPU.Build.0 = Debug|Any CPU
		{AF508F1D-6AA0-4A7D-AC4F-76730D39A372}.Release|Any CPU.ActiveCfg = Release|Any CPU
		{AF508F1D-6AA0-4A7D-AC4F-76730D39A372}.Release|Any CPU.Build.0 = Release|Any CPU
	EndGlobalSection
	GlobalSection(SolutionProperties) = preSolution
		HideSolutionNode = FALSE
	EndGlobalSection
	GlobalSection(ExtensibilityGlobals) = postSolution
		SolutionGuid = {651527B2-88DA-4403-B85D-9A185F4E141E}
	EndGlobalSection
EndGlobal
